
Microsoft Visual Studio Solution File, Format Version 12.00
# Visual Studio Version 16
VisualStudioVersion = 16.0.31729.503
MinimumVisualStudioVersion = 10.0.40219.1
Project("{FAE04EC0-301F-11D3-BF4B-00C04F79EFBC}") = "WcfService1", "WcfService1\WcfService1.csproj", "{683FAF8A-116B-4737-8855-A065F7BE1029}"
EndProject
Global
	GlobalSection(SolutionConfigurationPlatforms) = preSolution
		Debug|Any CPU = Debug|Any CPU
		Release|Any CPU = Release|Any CPU
	EndGlobalSection
	GlobalSection(ProjectConfigurationPlatforms) = postSolution
		{683FAF8A-116B-4737-8855-A065F7BE1029}.Debug|Any CPU.ActiveCfg = Debug|Any CPU
		{683FAF8A-116B-4737-8855-A065F7BE1029}.Debug|Any CPU.Build.0 = Debug|Any CPU
		{683FAF8A-116B-4737-8855-A065F7BE1029}.Release|Any CPU.ActiveCfg = Release|Any CPU
		{683FAF8A-116B-4737-8855-A065F7BE1029}.Release|Any CPU.Build.0 = Release|Any CPU
	EndGlobalSection
	GlobalSection(SolutionProperties) = preSolution
		HideSolutionNode = FALSE
	EndGlobalSection
	GlobalSection(ExtensibilityGlobals) = postSolution
		SolutionGuid = {D6378E3F-ED73-4DE8-883B-DAFF096C8BAC}
	EndGlobalSection
EndGlobal
